hash: ff95802cb0183eab42b2f075eead9cec9339df70176685765bfb3e5471f56e6b
updated: 2017-10-19T15:52:51.309263+03:00
imports:
- name: github.com/astaxie/beego
  version: d96289a81bf67728cff7a19b067aaecc65a62ec6
  subpackages:
  - config
  - context
  - context/param
  - grace
  - logs
  - migration
  - orm
  - session
  - toolbox
  - utils
- name: github.com/lib/pq
  version: e42267488fe361b9dc034be7a6bffef5b195bceb
  subpackages:
  - oid
- name: github.com/serenize/snaker
  version: c7a77c38c398a5468cac9579c3b2b1de22fb4da6
- name: github.com/ugorji/go
  version: c3953defa8f202d85a6d73eead7b77073bf5701a
  subpackages:
  - codec
testImports:
- name: github.com/gopherjs/gopherjs
  version: e34a5cd6a1bc7c4fde759f2d3039852fc68b5fcc
  subpackages:
  - js
- name: github.com/jtolds/gls
  version: 8ddce2a84170772b95dd5d576c48d517b22cac63
- name: github.com/smartystreets/assertions
  version: e60cfa771e3f4d18723a4119f1833898c9c62066
  subpackages:
  - internal/go-render/render
  - internal/oglematchers
- name: github.com/smartystreets/goconvey
  version: d4c757aa9afd1e2fc1832aaab209b5794eb336e1
  subpackages:
  - convey
  - convey/gotest
  - convey/reporting
